{
  "nodes": {
    "nixpkgs": {
      "locked": {
        "lastModified": 1731293047,
        "narHash": "sha256-2yHLbc2TaLGuPOvK5UoPwVJnQY5vg6NQeoOdCB6gHNw=",
        "owner": "nixos",
        "repo": "nixpkgs",
        "rev": "973840b5c0c7f37edb5a685a902eca5fa6e94bdb",
        "type": "github"
      },
      "original": {
        "owner": "nixos",
        "ref": "release-24.11",
        "repo": "nixpkgs",
        "type": "github"
      }
    },
    "root": {
      "inputs": {
        "nixpkgs": "nixpkgs"
      }
    }
  },
  "root": "root",
  "version": 7
}
