{
  "nodes": {
    "nixpkgs": {
      "locked": {
        "lastModified": 1740014378,
        "narHash": "sha256-OCFppvFOgQsSSTdQdxW3oVAsIvMJo/OyZD18dvJ2Ixc=",
        "owner": "nixos",
        "repo": "nixpkgs",
        "rev": "f444c7cb4f9395451da6b40492d3bcd795b7d3f8",
        "type": "github"
      },
      "original": {
        "owner": "nixos",
        "ref": "release-24.11",
        "repo": "nixpkgs",
        "type": "github"
      }
    },
    "root": {
      "inputs": {
        "nixpkgs": "nixpkgs"
      }
    }
  },
  "root": "root",
  "version": 7
}
